{
	"name": "mitra-backend",
	"lockfileVersion": 3,
	"requires": true,
	"packages": {
		"": {
			"name": "mitra-backend",
			"dependencies": {
				"dotenv": "*",
				"mitra-sdk": "^1.0.58"
			}
		},
		"node_modules/dotenv": {
			"version": "17.4.2",
			"resolved": "https://registry.npmjs.org/dotenv/-/dotenv-17.4.2.tgz",
			"integrity": "sha512-nI4U3TottKAcAD9LLud4Cb7b2QztQMUEfHbvhTH09bqXTxnSie8WnjPALV/WMCrJZ6UV/qHJ6L03OqO3LcdYZw==",
			"license": "BSD-2-Clause",
			"engines": {
				"node": ">=12"
			},
			"funding": {
				"url": "https://dotenvx.com"
			}
		},
		"node_modules/mitra-interactions-sdk": {
			"version": "1.0.63",
			"resolved": "https://registry.npmjs.org/mitra-interactions-sdk/-/mitra-interactions-sdk-1.0.63.tgz",
			"integrity": "sha512-7MCpk0T5q6VfapivmlNmOB9TFH9aSm7Hb4NgO1fUELzKUTNk58uGQRhbuoKV4UiXBnhEgBtUTH48XlKieI17Iw==",
			"license": "MIT",
			"engines": {
				"node": ">=14.0.0"
			}
		},
		"node_modules/mitra-sdk": {
			"version": "1.0.62",
			"resolved": "https://registry.npmjs.org/mitra-sdk/-/mitra-sdk-1.0.62.tgz",
			"integrity": "sha512-xqfSEPR0qTHpbE1v2OkPYbUWX5NWo9/sJCmlNooKc2yaIXwN4CS6NcGgXKiqZ3HYzB59Xgyo10qbiT2fYddvuw==",
			"license": "MIT",
			"dependencies": {
				"mitra-interactions-sdk": "^1.0.37"
			},
			"engines": {
				"node": ">=14.0.0"
			}
		}
	}
}
